# THIS IS AN AUTOGENERATED FILE. DO NOT EDIT THIS FILE DIRECTLY.
# yarn lockfile v1


"@playwright/test@^1.32.0-alpha-mar-18-2023":
  version "1.32.0-alpha-mar-18-2023"
  resolved "https://registry.yarnpkg.com/@playwright/test/-/test-1.32.0-alpha-mar-18-2023.tgz#ac39e8d506a12b6529673b23d060549ffc9638a3"
  integrity sha512-dXVsP3HOW3bDpsrA3hqqIoXzlV74yRVhPJcuRF3SZtzbMsnbK/6TVjcuftzDzM92zNsD0XLDRt4O8iIKWRL60w==
  dependencies:
    "@types/node" "*"
    playwright-core "1.32.0-alpha-mar-18-2023"
  optionalDependencies:
    fsevents "2.3.2"

"@types/node@*":
  version "18.15.3"
  resolved "https://registry.yarnpkg.com/@types/node/-/node-18.15.3.tgz#f0b991c32cfc6a4e7f3399d6cb4b8cf9a0315014"
  integrity sha512-p6ua9zBxz5otCmbpb5D3U4B5Nanw6Pk3PPyX05xnxbB/fRv71N7CPmORg7uAD5P70T0xmx1pzAx/FUfa5X+3cw==

fsevents@2.3.2:
  version "2.3.2"
  resolved "https://registry.yarnpkg.com/fsevents/-/fsevents-2.3.2.tgz#8a526f78b8fdf4623b709e0b975c52c24c02fd1a"
  integrity sha512-xiqMQR4xAeHTuB9uWm+fFRcIOgKBMiOBP+eXiyT7jsgVCq1bkVygt00oASowB7EdtpOHaaPgKt812P9ab+DDKA==

playwright-core@1.32.0-alpha-mar-18-2023:
  version "1.32.0-alpha-mar-18-2023"
  resolved "https://registry.yarnpkg.com/playwright-core/-/playwright-core-1.32.0-alpha-mar-18-2023.tgz#ef5ed6983058ef07e5976b195af4b49fece96c23"
  integrity sha512-vLSmPGvZCm1ardOTVSJKk7veR3NTMKRA2UPtDuiNho4JyVAWvavEwfS34qeHfrRCvBA81hVZOO4qH75OQX3L0w==

playwright@^1.32.0-alpha-mar-18-2023:
  version "1.32.0-alpha-mar-18-2023"
  resolved "https://registry.yarnpkg.com/playwright/-/playwright-1.32.0-alpha-mar-18-2023.tgz#435e8301f2ce3d47e1635a7a27477624f1fc0917"
  integrity sha512-pX576qiNi1osTYsG6VQFpLGGexpavfQakNpNLwQUET1Q2VHZILIpvd6ZQJstB6XbLMaXIfObgPFY4+8BcpmoOg==
  dependencies:
    playwright-core "1.32.0-alpha-mar-18-2023"
